
Microsoft Visual Studio Solution File, Format Version 12.00
# Visual Studio Version 17
VisualStudioVersion = 17.2.32630.192
MinimumVisualStudioVersion = 10.0.40219.1
Project("{9A19103F-16F7-4668-BE54-9A1E7A4F7556}") = "AsyncKeyLock", "AsyncKeyLock\AsyncKeyLock.csproj", "{6DF55B7F-4CBA-4B5B-A7B2-262CDEA74EF2}"
EndProject
Project("{9A19103F-16F7-4668-BE54-9A1E7A4F7556}") = "AsyncKeyLock.Tests", "AsyncKeyLock.Tests\AsyncKeyLock.Tests.csproj", "{0F412253-BF96-430F-9825-9884F4D8C008}"
EndProject
Project("{FAE04EC0-301F-11D3-BF4B-00C04F79EFBC}") = "AsyncKeyLock.Benchmarks", "AsyncKeyLock.Benchmarks\AsyncKeyLock.Benchmarks.csproj", "{977B3660-8811-4646-BB7B-B3083E39ACC2}"
EndProject
Global
	GlobalSection(SolutionConfigurationPlatforms) = preSolution
		Debug|Any CPU = Debug|Any CPU
		Release|Any CPU = Release|Any CPU
	EndGlobalSection
	GlobalSection(ProjectConfigurationPlatforms) = postSolution
		{6DF55B7F-4CBA-4B5B-A7B2-262CDEA74EF2}.Debug|Any CPU.ActiveCfg = Debug|Any CPU
		{6DF55B7F-4CBA-4B5B-A7B2-262CDEA74EF2}.Debug|Any CPU.Build.0 = Debug|Any CPU
		{6DF55B7F-4CBA-4B5B-A7B2-262CDEA74EF2}.Release|Any CPU.ActiveCfg = Release|Any CPU
		{6DF55B7F-4CBA-4B5B-A7B2-262CDEA74EF2}.Release|Any CPU.Build.0 = Release|Any CPU
		{0F412253-BF96-430F-9825-9884F4D8C008}.Debug|Any CPU.ActiveCfg = Debug|Any CPU
		{0F412253-BF96-430F-9825-9884F4D8C008}.Debug|Any CPU.Build.0 = Debug|Any CPU
		{0F412253-BF96-430F-9825-9884F4D8C008}.Release|Any CPU.ActiveCfg = Release|Any CPU
		{0F412253-BF96-430F-9825-9884F4D8C008}.Release|Any CPU.Build.0 = Release|Any CPU
		{977B3660-8811-4646-BB7B-B3083E39ACC2}.Debug|Any CPU.ActiveCfg = Debug|Any CPU
		{977B3660-8811-4646-BB7B-B3083E39ACC2}.Debug|Any CPU.Build.0 = Debug|Any CPU
		{977B3660-8811-4646-BB7B-B3083E39ACC2}.Release|Any CPU.ActiveCfg = Release|Any CPU
		{977B3660-8811-4646-BB7B-B3083E39ACC2}.Release|Any CPU.Build.0 = Release|Any CPU
	EndGlobalSection
	GlobalSection(SolutionProperties) = preSolution
		HideSolutionNode = FALSE
	EndGlobalSection
	GlobalSection(ExtensibilityGlobals) = postSolution
		SolutionGuid = {664BEB36-FDDC-4BC3-82C0-66C93B918080}
	EndGlobalSection
EndGlobal
